
Microsoft Visual Studio Solution File, Format Version 12.00
# Visual Studio Version 17
VisualStudioVersion = 17.0.31903.59
MinimumVisualStudioVersion = 10.0.40219.1
Project("{2150E333-8FDC-42A3-9474-1A3956D46DE8}") = "src", "src", "{827E0CD3-B72D-47B6-A68D-7590B98EB39B}"
EndProject
Project("{FAE04EC0-301F-11D3-BF4B-00C04F79EFBC}") = "Domain", "src\Domain\Domain.csproj", "{38013667-A8E2-496A-9E2A-D7927BEA2ECE}"
EndProject
Project("{FAE04EC0-301F-11D3-BF4B-00C04F79EFBC}") = "Application", "src\Application\Application.csproj", "{1CDF3C53-DF39-48AB-9523-F592CAB4B133}"
EndProject
Project("{FAE04EC0-301F-11D3-BF4B-00C04F79EFBC}") = "Infrastructure", "src\Infrastructure\Infrastructure.csproj", "{9F3F6E1F-0C4F-4835-A4BA-55167C452985}"
EndProject
Project("{FAE04EC0-301F-11D3-BF4B-00C04F79EFBC}") = "Api", "src\Api\Api.csproj", "{3A8607E1-3003-4F89-8844-E9AA5A234D4B}"
EndProject
Global
	GlobalSection(SolutionConfigurationPlatforms) = preSolution
		Debug|Any CPU = Debug|Any CPU
		Debug|x64 = Debug|x64
		Debug|x86 = Debug|x86
		Release|Any CPU = Release|Any CPU
		Release|x64 = Release|x64
		Release|x86 = Release|x86
	EndGlobalSection
	GlobalSection(ProjectConfigurationPlatforms) = postSolution
		{38013667-A8E2-496A-9E2A-D7927BEA2ECE}.Debug|Any CPU.ActiveCfg = Debug|Any CPU
		{38013667-A8E2-496A-9E2A-D7927BEA2ECE}.Debug|Any CPU.Build.0 = Debug|Any CPU
		{38013667-A8E2-496A-9E2A-D7927BEA2ECE}.Debug|x64.ActiveCfg = Debug|Any CPU
		{38013667-A8E2-496A-9E2A-D7927BEA2ECE}.Debug|x64.Build.0 = Debug|Any CPU
		{38013667-A8E2-496A-9E2A-D7927BEA2ECE}.Debug|x86.ActiveCfg = Debug|Any CPU
		{38013667-A8E2-496A-9E2A-D7927BEA2ECE}.Debug|x86.Build.0 = Debug|Any CPU
		{38013667-A8E2-496A-9E2A-D7927BEA2ECE}.Release|Any CPU.ActiveCfg = Release|Any CPU
		{38013667-A8E2-496A-9E2A-D7927BEA2ECE}.Release|Any CPU.Build.0 = Release|Any CPU
		{38013667-A8E2-496A-9E2A-D7927BEA2ECE}.Release|x64.ActiveCfg = Release|Any CPU
		{38013667-A8E2-496A-9E2A-D7927BEA2ECE}.Release|x64.Build.0 = Release|Any CPU
		{38013667-A8E2-496A-9E2A-D7927BEA2ECE}.Release|x86.ActiveCfg = Release|Any CPU
		{38013667-A8E2-496A-9E2A-D7927BEA2ECE}.Release|x86.Build.0 = Release|Any CPU
		{1CDF3C53-DF39-48AB-9523-F592CAB4B133}.Debug|Any CPU.ActiveCfg = Debug|Any CPU
		{1CDF3C53-DF39-48AB-9523-F592CAB4B133}.Debug|Any CPU.Build.0 = Debug|Any CPU
		{1CDF3C53-DF39-48AB-9523-F592CAB4B133}.Debug|x64.ActiveCfg = Debug|Any CPU
		{1CDF3C53-DF39-48AB-9523-F592CAB4B133}.Debug|x64.Build.0 = Debug|Any CPU
		{1CDF3C53-DF39-48AB-9523-F592CAB4B133}.Debug|x86.ActiveCfg = Debug|Any CPU
		{1CDF3C53-DF39-48AB-9523-F592CAB4B133}.Debug|x86.Build.0 = Debug|Any CPU
		{1CDF3C53-DF39-48AB-9523-F592CAB4B133}.Release|Any CPU.ActiveCfg = Release|Any CPU
		{1CDF3C53-DF39-48AB-9523-F592CAB4B133}.Release|Any CPU.Build.0 = Release|Any CPU
		{1CDF3C53-DF39-48AB-9523-F592CAB4B133}.Release|x64.ActiveCfg = Release|Any CPU
		{1CDF3C53-DF39-48AB-9523-F592CAB4B133}.Release|x64.Build.0 = Release|Any CPU
		{1CDF3C53-DF39-48AB-9523-F592CAB4B133}.Release|x86.ActiveCfg = Release|Any CPU
		{1CDF3C53-DF39-48AB-9523-F592CAB4B133}.Release|x86.Build.0 = Release|Any CPU
		{9F3F6E1F-0C4F-4835-A4BA-55167C452985}.Debug|Any CPU.ActiveCfg = Debug|Any CPU
		{9F3F6E1F-0C4F-4835-A4BA-55167C452985}.Debug|Any CPU.Build.0 = Debug|Any CPU
		{9F3F6E1F-0C4F-4835-A4BA-55167C452985}.Debug|x64.ActiveCfg = Debug|Any CPU
		{9F3F6E1F-0C4F-4835-A4BA-55167C452985}.Debug|x64.Build.0 = Debug|Any CPU
		{9F3F6E1F-0C4F-4835-A4BA-55167C452985}.Debug|x86.ActiveCfg = Debug|Any CPU
		{9F3F6E1F-0C4F-4835-A4BA-55167C452985}.Debug|x86.Build.0 = Debug|Any CPU
		{9F3F6E1F-0C4F-4835-A4BA-55167C452985}.Release|Any CPU.ActiveCfg = Release|Any CPU
		{9F3F6E1F-0C4F-4835-A4BA-55167C452985}.Release|Any CPU.Build.0 = Release|Any CPU
		{9F3F6E1F-0C4F-4835-A4BA-55167C452985}.Release|x64.ActiveCfg = Release|Any CPU
		{9F3F6E1F-0C4F-4835-A4BA-55167C452985}.Release|x64.Build.0 = Release|Any CPU
		{9F3F6E1F-0C4F-4835-A4BA-55167C452985}.Release|x86.ActiveCfg = Release|Any CPU
		{9F3F6E1F-0C4F-4835-A4BA-55167C452985}.Release|x86.Build.0 = Release|Any CPU
		{3A8607E1-3003-4F89-8844-E9AA5A234D4B}.Debug|Any CPU.ActiveCfg = Debug|Any CPU
		{3A8607E1-3003-4F89-8844-E9AA5A234D4B}.Debug|Any CPU.Build.0 = Debug|Any CPU
		{3A8607E1-3003-4F89-8844-E9AA5A234D4B}.Debug|x64.ActiveCfg = Debug|Any CPU
		{3A8607E1-3003-4F89-8844-E9AA5A234D4B}.Debug|x64.Build.0 = Debug|Any CPU
		{3A8607E1-3003-4F89-8844-E9AA5A234D4B}.Debug|x86.ActiveCfg = Debug|Any CPU
		{3A8607E1-3003-4F89-8844-E9AA5A234D4B}.Debug|x86.Build.0 = Debug|Any CPU
		{3A8607E1-3003-4F89-8844-E9AA5A234D4B}.Release|Any CPU.ActiveCfg = Release|Any CPU
		{3A8607E1-3003-4F89-8844-E9AA5A234D4B}.Release|Any CPU.Build.0 = Release|Any CPU
		{3A8607E1-3003-4F89-8844-E9AA5A234D4B}.Release|x64.ActiveCfg = Release|Any CPU
		{3A8607E1-3003-4F89-8844-E9AA5A234D4B}.Release|x64.Build.0 = Release|Any CPU
		{3A8607E1-3003-4F89-8844-E9AA5A234D4B}.Release|x86.ActiveCfg = Release|Any CPU
		{3A8607E1-3003-4F89-8844-E9AA5A234D4B}.Release|x86.Build.0 = Release|Any CPU
	EndGlobalSection
	GlobalSection(SolutionProperties) = preSolution
		HideSolutionNode = FALSE
	EndGlobalSection
	GlobalSection(NestedProjects) = preSolution
		{38013667-A8E2-496A-9E2A-D7927BEA2ECE} = {827E0CD3-B72D-47B6-A68D-7590B98EB39B}
		{1CDF3C53-DF39-48AB-9523-F592CAB4B133} = {827E0CD3-B72D-47B6-A68D-7590B98EB39B}
		{9F3F6E1F-0C4F-4835-A4BA-55167C452985} = {827E0CD3-B72D-47B6-A68D-7590B98EB39B}
		{3A8607E1-3003-4F89-8844-E9AA5A234D4B} = {827E0CD3-B72D-47B6-A68D-7590B98EB39B}
	EndGlobalSection
EndGlobal
